
Microsoft Visual Studio Solution File, Format Version 12.00
# Visual Studio 15
VisualStudioVersion = 15.0.28307.645
MinimumVisualStudioVersion = 10.0.40219.1
Project("{FAE04EC0-301F-11D3-BF4B-00C04F79EFBC}") = "Display", "w_Display\Display.csproj", "{2A5AF6DA-9A9E-42D5-8176-C2B52937DCD1}"
EndProject
Project("{54435603-DBB4-11D2-8724-00A0C9A8B90C}") = "DisplayProgram", "DisplayProgram\DisplayProgram.vdproj", "{CF25F3B8-3721-46A3-9AD3-B66E492AC073}"
EndProject
Global
	GlobalSection(SolutionConfigurationPlatforms) = preSolution
		Debug|Any CPU = Debug|Any CPU
		Release|Any CPU = Release|Any CPU
	EndGlobalSection
	GlobalSection(ProjectConfigurationPlatforms) = postSolution
		{2A5AF6DA-9A9E-42D5-8176-C2B52937DCD1}.Debug|Any CPU.ActiveCfg = Debug|Any CPU
		{2A5AF6DA-9A9E-42D5-8176-C2B52937DCD1}.Debug|Any CPU.Build.0 = Debug|Any CPU
		{2A5AF6DA-9A9E-42D5-8176-C2B52937DCD1}.Release|Any CPU.ActiveCfg = Release|Any CPU
		{2A5AF6DA-9A9E-42D5-8176-C2B52937DCD1}.Release|Any CPU.Build.0 = Release|Any CPU
		{CF25F3B8-3721-46A3-9AD3-B66E492AC073}.Debug|Any CPU.ActiveCfg = Debug
		{CF25F3B8-3721-46A3-9AD3-B66E492AC073}.Release|Any CPU.ActiveCfg = Release
	EndGlobalSection
	GlobalSection(SolutionProperties) = preSolution
		HideSolutionNode = FALSE
	EndGlobalSection
	GlobalSection(ExtensibilityGlobals) = postSolution
		SolutionGuid = {13EFBC41-C3AA-4D1A-87AE-842EDFBDD4BC}
	EndGlobalSection
EndGlobal
